
Microsoft Visual Studio Solution File, Format Version 12.00
# Visual Studio Version 17
VisualStudioVersion = 17.10.34916.146
MinimumVisualStudioVersion = 10.0.40219.1
Project("{FAE04EC0-301F-11D3-BF4B-00C04F79EFBC}") = "02. CLIESC", "..\..\02. CLIESC\02. CLIESC.csproj", "{62A66CD3-50B8-1E9B-534F-DA14F1079FBD}"
EndProject
Project("{FAE04EC0-301F-11D3-BF4B-00C04F79EFBC}") = "01. SERVIDOR", "..\01. SERVIDOR.csproj", "{BE5AA14D-B700-4139-9733-DB07BA7C0727}"
EndProject
Project("{FAE04EC0-301F-11D3-BF4B-00C04F79EFBC}") = "02. CLICON", "..\..\02. CLICON\02. CLICON.csproj", "{20E67DEB-7846-FED7-246C-6047EAD0B526}"
EndProject
Project("{FAE04EC0-301F-11D3-BF4B-00C04F79EFBC}") = "02. CLIWEB", "..\..\02. CLIWEB\02. CLIWEB.csproj", "{BA160E9E-29DA-7C96-395A-0F97057D29CD}"
EndProject
Global
	GlobalSection(SolutionConfigurationPlatforms) = preSolution
		Debug|Any CPU = Debug|Any CPU
		Release|Any CPU = Release|Any CPU
	EndGlobalSection
	GlobalSection(ProjectConfigurationPlatforms) = postSolution
		{62A66CD3-50B8-1E9B-534F-DA14F1079FBD}.Debug|Any CPU.ActiveCfg = Debug|Any CPU
		{62A66CD3-50B8-1E9B-534F-DA14F1079FBD}.Debug|Any CPU.Build.0 = Debug|Any CPU
		{62A66CD3-50B8-1E9B-534F-DA14F1079FBD}.Release|Any CPU.ActiveCfg = Release|Any CPU
		{62A66CD3-50B8-1E9B-534F-DA14F1079FBD}.Release|Any CPU.Build.0 = Release|Any CPU
		{BE5AA14D-B700-4139-9733-DB07BA7C0727}.Debug|Any CPU.ActiveCfg = Debug|Any CPU
		{BE5AA14D-B700-4139-9733-DB07BA7C0727}.Debug|Any CPU.Build.0 = Debug|Any CPU
		{BE5AA14D-B700-4139-9733-DB07BA7C0727}.Release|Any CPU.ActiveCfg = Release|Any CPU
		{BE5AA14D-B700-4139-9733-DB07BA7C0727}.Release|Any CPU.Build.0 = Release|Any CPU
		{20E67DEB-7846-FED7-246C-6047EAD0B526}.Debug|Any CPU.ActiveCfg = Debug|Any CPU
		{20E67DEB-7846-FED7-246C-6047EAD0B526}.Debug|Any CPU.Build.0 = Debug|Any CPU
		{20E67DEB-7846-FED7-246C-6047EAD0B526}.Release|Any CPU.ActiveCfg = Release|Any CPU
		{20E67DEB-7846-FED7-246C-6047EAD0B526}.Release|Any CPU.Build.0 = Release|Any CPU
		{BA160E9E-29DA-7C96-395A-0F97057D29CD}.Debug|Any CPU.ActiveCfg = Debug|Any CPU
		{BA160E9E-29DA-7C96-395A-0F97057D29CD}.Debug|Any CPU.Build.0 = Debug|Any CPU
		{BA160E9E-29DA-7C96-395A-0F97057D29CD}.Release|Any CPU.ActiveCfg = Release|Any CPU
		{BA160E9E-29DA-7C96-395A-0F97057D29CD}.Release|Any CPU.Build.0 = Release|Any CPU
	EndGlobalSection
	GlobalSection(SolutionProperties) = preSolution
		HideSolutionNode = FALSE
	EndGlobalSection
	GlobalSection(ExtensibilityGlobals) = postSolution
		SolutionGuid = {5A8F27E1-5C6F-458F-88B4-92893CF6195A}
	EndGlobalSection
EndGlobal
